// !$*UTF8*$!
{
	archiveVersion = 1;
	classes = {
	};
	objectVersion = 77;
	objects = {

/* Begin PBXBuildFile section */
		03C661125DCED32A1D2E4266 /* RedactedPreviewTextView.swift in Sources */ = {isa = PBXBuildFile; fileRef = 2949C1B30CF9EF5818367CE6 /* RedactedPreviewTextView.swift */; };
		16D8EEADE1756A88CDC0F13F /* DocumentDropDelegate.swift in Sources */ = {isa = PBXBuildFile; fileRef = AA43395134471B57AB3EF8EA /* DocumentDropDelegate.swift */; };
		208E23E8A86B779982C5E71B /* DocumentTextExtractor.swift in Sources */ = {isa = PBXBuildFile; fileRef = 6C0C9078375E990B1937E59C /* DocumentTextExtractor.swift */; };
		22950839FE890CDE3A80167C /* PIIType.swift in Sources */ = {isa = PBXBuildFile; fileRef = 246FAB6D17DB4A2346CDB534 /* PIIType.swift */; };
		4730CB2F7FF2BCC4C1AB3B4E /* PIIExtractionService.swift in Sources */ = {isa = PBXBuildFile; fileRef = A7887422F7E896185CD9156D /* PIIExtractionService.swift */; };
		5032748376B6DCAB544A010D /* TypeBadge.swift in Sources */ = {isa = PBXBuildFile; fileRef = C9D606BFA75724C1DC6F7418 /* TypeBadge.swift */; };
		53B4DD7145BC300973FF601D /* ReviewView.swift in Sources */ = {isa = PBXBuildFile; fileRef = CEFA7859FD96DE0E87126B1F /* ReviewView.swift */; };
		5F7912A4007E48AB8494EBDA /* RedactionEngine.swift in Sources */ = {isa = PBXBuildFile; fileRef = 3E724CA6CFDE6E23BCDDD247 /* RedactionEngine.swift */; };
		62663F6988265B4D443F05AC /* ProcessingView.swift in Sources */ = {isa = PBXBuildFile; fileRef = 8CBAE4AC42DDC851CC9AD0A0 /* ProcessingView.swift */; };
		7CAAB548C330C4C73C16B272 /* RedactionCandidate.swift in Sources */ = {isa = PBXBuildFile; fileRef = E797E06ED71522715DB0CD99 /* RedactionCandidate.swift */; };
		81B237C99BFDF57C41F63E5E /* AppState.swift in Sources */ = {isa = PBXBuildFile; fileRef = 122301E3A4E965F1E4AB0D46 /* AppState.swift */; };
		876633E577987E6581CEFE99 /* LocalRedactionApp.swift in Sources */ = {isa = PBXBuildFile; fileRef = 63044B78B9DB34A390DD0B90 /* LocalRedactionApp.swift */; };
		8DC542C8DB515305999739CC /* NLPExtractionService.swift in Sources */ = {isa = PBXBuildFile; fileRef = AC02C4584087137746C6EC82 /* NLPExtractionService.swift */; };
		9DCD8B3157C38C642B3FE014 /* ClassificationService.swift in Sources */ = {isa = PBXBuildFile; fileRef = 265EB60C6DF90BCE987B61E9 /* ClassificationService.swift */; };
		A61F23528FA9C60D8AB15EDF /* TextSpanLocator.swift in Sources */ = {isa = PBXBuildFile; fileRef = 22091915EB68EEDDFB600B04 /* TextSpanLocator.swift */; };
		A8BDF0F3228996410C456B1F /* AppViewModel.swift in Sources */ = {isa = PBXBuildFile; fileRef = E4C2B0D1446F6CA586AD686B /* AppViewModel.swift */; };
		AD0D51CFCF53BB15CCB08950 /* CandidateRow.swift in Sources */ = {isa = PBXBuildFile; fileRef = 4CBC56DDAB0D86CC943F740B /* CandidateRow.swift */; };
		BD443018267466D12E9E1E27 /* TypePicker.swift in Sources */ = {isa = PBXBuildFile; fileRef = 5265667576E7AE1CB610AC1C /* TypePicker.swift */; };
		BE60F399F0F4B365013301B5 /* UploadView.swift in Sources */ = {isa = PBXBuildFile; fileRef = 87AF2C5D29D517856FAD9A9D /* UploadView.swift */; };
		D1EE77D28800BC6E641013D6 /* RegexExtractionService.swift in Sources */ = {isa = PBXBuildFile; fileRef = FFD71BFC45F935A80D3E0200 /* RegexExtractionService.swift */; };
		E271280CBC1F7964C2BBA551 /* ExtractedMatch.swift in Sources */ = {isa = PBXBuildFile; fileRef = DC48E46EC6B3C41217AFB290 /* ExtractedMatch.swift */; };
		ED03E307FF3C15C558683709 /* ResultView.swift in Sources */ = {isa = PBXBuildFile; fileRef = 010BA6C5F6F5E1F55031C359 /* ResultView.swift */; };
		F409B49CC3A47F661D400FCA /* Assets.xcassets in Resources */ = {isa = PBXBuildFile; fileRef = 398F985CE795001655513232 /* Assets.xcassets */; };
		F4FE8479EFAD5347635ADDA1 /* ContentView.swift in Sources */ = {isa = PBXBuildFile; fileRef = 0DB0BF6B5E1D7D574C14E99B /* ContentView.swift */; };
/* End PBXBuildFile section */

/* Begin PBXFileReference section */
		010BA6C5F6F5E1F55031C359 /* ResultView.swift */ = {isa = PBXFileReference; lastKnownFileType = sourcecode.swift; path = ResultView.swift; sourceTree = "<group>"; };
		06110317DDB991525AFAEF46 /* LocalRedaction.app */ = {isa = PBXFileReference; explicitFileType = wrapper.application; includeInIndex = 0; path = LocalRedaction.app; sourceTree = BUILT_PRODUCTS_DIR; };
		0DB0BF6B5E1D7D574C14E99B /* ContentView.swift */ = {isa = PBXFileReference; lastKnownFileType = sourcecode.swift; path = ContentView.swift; sourceTree = "<group>"; };
		122301E3A4E965F1E4AB0D46 /* AppState.swift */ = {isa = PBXFileReference; lastKnownFileType = sourcecode.swift; path = AppState.swift; sourceTree = "<group>"; };
		22091915EB68EEDDFB600B04 /* TextSpanLocator.swift */ = {isa = PBXFileReference; lastKnownFileType = sourcecode.swift; path = TextSpanLocator.swift; sourceTree = "<group>"; };
		246FAB6D17DB4A2346CDB534 /* PIIType.swift */ = {isa = PBXFileReference; lastKnownFileType = sourcecode.swift; path = PIIType.swift; sourceTree = "<group>"; };
		265EB60C6DF90BCE987B61E9 /* ClassificationService.swift */ = {isa = PBXFileReference; lastKnownFileType = sourcecode.swift; path = ClassificationService.swift; sourceTree = "<group>"; };
		2949C1B30CF9EF5818367CE6 /* RedactedPreviewTextView.swift */ = {isa = PBXFileReference; lastKnownFileType = sourcecode.swift; path = RedactedPreviewTextView.swift; sourceTree = "<group>"; };
		398F985CE795001655513232 /* Assets.xcassets */ = {isa = PBXFileReference; lastKnownFileType = folder.assetcatalog; path = Assets.xcassets; sourceTree = "<group>"; };
		3E724CA6CFDE6E23BCDDD247 /* RedactionEngine.swift */ = {isa = PBXFileReference; lastKnownFileType = sourcecode.swift; path = RedactionEngine.swift; sourceTree = "<group>"; };
		4CBC56DDAB0D86CC943F740B /* CandidateRow.swift */ = {isa = PBXFileReference; lastKnownFileType = sourcecode.swift; path = CandidateRow.swift; sourceTree = "<group>"; };
		5265667576E7AE1CB610AC1C /* TypePicker.swift */ = {isa = PBXFileReference; lastKnownFileType = sourcecode.swift; path = TypePicker.swift; sourceTree = "<group>"; };
		63044B78B9DB34A390DD0B90 /* LocalRedactionApp.swift */ = {isa = PBXFileReference; lastKnownFileType = sourcecode.swift; path = LocalRedactionApp.swift; sourceTree = "<group>"; };
		6C0C9078375E990B1937E59C /* DocumentTextExtractor.swift */ = {isa = PBXFileReference; lastKnownFileType = sourcecode.swift; path = DocumentTextExtractor.swift; sourceTree = "<group>"; };
		87AF2C5D29D517856FAD9A9D /* UploadView.swift */ = {isa = PBXFileReference; lastKnownFileType = sourcecode.swift; path = UploadView.swift; sourceTree = "<group>"; };
		8CBAE4AC42DDC851CC9AD0A0 /* ProcessingView.swift */ = {isa = PBXFileReference; lastKnownFileType = sourcecode.swift; path = ProcessingView.swift; sourceTree = "<group>"; };
		A7887422F7E896185CD9156D /* PIIExtractionService.swift */ = {isa = PBXFileReference; lastKnownFileType = sourcecode.swift; path = PIIExtractionService.swift; sourceTree = "<group>"; };
		AA43395134471B57AB3EF8EA /* DocumentDropDelegate.swift */ = {isa = PBXFileReference; lastKnownFileType = sourcecode.swift; path = DocumentDropDelegate.swift; sourceTree = "<group>"; };
		AC02C4584087137746C6EC82 /* NLPExtractionService.swift */ = {isa = PBXFileReference; lastKnownFileType = sourcecode.swift; path = NLPExtractionService.swift; sourceTree = "<group>"; };
		C9D606BFA75724C1DC6F7418 /* TypeBadge.swift */ = {isa = PBXFileReference; lastKnownFileType = sourcecode.swift; path = TypeBadge.swift; sourceTree = "<group>"; };
		CEFA7859FD96DE0E87126B1F /* ReviewView.swift */ = {isa = PBXFileReference; lastKnownFileType = sourcecode.swift; path = ReviewView.swift; sourceTree = "<group>"; };
		DC48E46EC6B3C41217AFB290 /* ExtractedMatch.swift */ = {isa = PBXFileReference; lastKnownFileType = sourcecode.swift; path = ExtractedMatch.swift; sourceTree = "<group>"; };
		E4C2B0D1446F6CA586AD686B /* AppViewModel.swift */ = {isa = PBXFileReference; lastKnownFileType = sourcecode.swift; path = AppViewModel.swift; sourceTree = "<group>"; };
		E797E06ED71522715DB0CD99 /* RedactionCandidate.swift */ = {isa = PBXFileReference; lastKnownFileType = sourcecode.swift; path = RedactionCandidate.swift; sourceTree = "<group>"; };
		FEC26D44C61FAC35BD85CDA7 /* LocalRedaction.entitlements */ = {isa = PBXFileReference; lastKnownFileType = text.plist.entitlements; path = LocalRedaction.entitlements; sourceTree = "<group>"; };
		FFD71BFC45F935A80D3E0200 /* RegexExtractionService.swift */ = {isa = PBXFileReference; lastKnownFileType = sourcecode.swift; path = RegexExtractionService.swift; sourceTree = "<group>"; };
/* End PBXFileReference section */

/* Begin PBXGroup section */
		107935D865F5596AFEA09A95 = {
			isa = PBXGroup;
			children = (
				2D66E456E0501CCF22ED24A2 /* LocalRedaction */,
				557C5794FEF2725CB5B538E6 /* Products */,
			);
			sourceTree = "<group>";
		};
		155DC670F1B2443952EDAAF5 /* Services */ = {
			isa = PBXGroup;
			children = (
				265EB60C6DF90BCE987B61E9 /* ClassificationService.swift */,
				6C0C9078375E990B1937E59C /* DocumentTextExtractor.swift */,
				AC02C4584087137746C6EC82 /* NLPExtractionService.swift */,
				A7887422F7E896185CD9156D /* PIIExtractionService.swift */,
				3E724CA6CFDE6E23BCDDD247 /* RedactionEngine.swift */,
				FFD71BFC45F935A80D3E0200 /* RegexExtractionService.swift */,
				22091915EB68EEDDFB600B04 /* TextSpanLocator.swift */,
			);
			path = Services;
			sourceTree = "<group>";
		};
		2D66E456E0501CCF22ED24A2 /* LocalRedaction */ = {
			isa = PBXGroup;
			children = (
				5D9C4AD8A80F9C7D083336C7 /* Models */,
				46AC3C4A5E1F7A8C8906FEC9 /* Resources */,
				155DC670F1B2443952EDAAF5 /* Services */,
				A2E0E5F9290652EADBB2BA1C /* ViewModels */,
				BAA8CD0991A66E8FB9583EF9 /* Views */,
				63044B78B9DB34A390DD0B90 /* LocalRedactionApp.swift */,
			);
			path = LocalRedaction;
			sourceTree = "<group>";
		};
		46AC3C4A5E1F7A8C8906FEC9 /* Resources */ = {
			isa = PBXGroup;
			children = (
				398F985CE795001655513232 /* Assets.xcassets */,
				FEC26D44C61FAC35BD85CDA7 /* LocalRedaction.entitlements */,
			);
			path = Resources;
			sourceTree = "<group>";
		};
		53F04DE2EF1419B9792782C1 /* Components */ = {
			isa = PBXGroup;
			children = (
				4CBC56DDAB0D86CC943F740B /* CandidateRow.swift */,
				AA43395134471B57AB3EF8EA /* DocumentDropDelegate.swift */,
				2949C1B30CF9EF5818367CE6 /* RedactedPreviewTextView.swift */,
				C9D606BFA75724C1DC6F7418 /* TypeBadge.swift */,
				5265667576E7AE1CB610AC1C /* TypePicker.swift */,
			);
			path = Components;
			sourceTree = "<group>";
		};
		557C5794FEF2725CB5B538E6 /* Products */ = {
			isa = PBXGroup;
			children = (
				06110317DDB991525AFAEF46 /* LocalRedaction.app */,
			);
			name = Products;
			sourceTree = "<group>";
		};
		5D9C4AD8A80F9C7D083336C7 /* Models */ = {
			isa = PBXGroup;
			children = (
				122301E3A4E965F1E4AB0D46 /* AppState.swift */,
				DC48E46EC6B3C41217AFB290 /* ExtractedMatch.swift */,
				246FAB6D17DB4A2346CDB534 /* PIIType.swift */,
				E797E06ED71522715DB0CD99 /* RedactionCandidate.swift */,
			);
			path = Models;
			sourceTree = "<group>";
		};
		A2E0E5F9290652EADBB2BA1C /* ViewModels */ = {
			isa = PBXGroup;
			children = (
				E4C2B0D1446F6CA586AD686B /* AppViewModel.swift */,
			);
			path = ViewModels;
			sourceTree = "<group>";
		};
		BAA8CD0991A66E8FB9583EF9 /* Views */ = {
			isa = PBXGroup;
			children = (
				53F04DE2EF1419B9792782C1 /* Components */,
				0DB0BF6B5E1D7D574C14E99B /* ContentView.swift */,
				8CBAE4AC42DDC851CC9AD0A0 /* ProcessingView.swift */,
				010BA6C5F6F5E1F55031C359 /* ResultView.swift */,
				CEFA7859FD96DE0E87126B1F /* ReviewView.swift */,
				87AF2C5D29D517856FAD9A9D /* UploadView.swift */,
			);
			path = Views;
			sourceTree = "<group>";
		};
/* End PBXGroup section */

/* Begin PBXNativeTarget section */
		68236ED3DBB1AC9D44F8B5FE /* LocalRedaction */ = {
			isa = PBXNativeTarget;
			buildConfigurationList = 463FF474D06E9800A87BA96E /* Build configuration list for PBXNativeTarget "LocalRedaction" */;
			buildPhases = (
				167D7751960B00587FD6A6FB /* Sources */,
				A4D6BE3AFDE09C13D413135E /* Resources */,
			);
			buildRules = (
			);
			dependencies = (
			);
			name = LocalRedaction;
			packageProductDependencies = (
			);
			productName = LocalRedaction;
			productReference = 06110317DDB991525AFAEF46 /* LocalRedaction.app */;
			productType = "com.apple.product-type.application";
		};
/* End PBXNativeTarget section */

/* Begin PBXProject section */
		5586F2E9AFBE7AA08BE77C6F /* Project object */ = {
			isa = PBXProject;
			attributes = {
				BuildIndependentTargetsInParallel = YES;
				LastUpgradeCheck = 1430;
				TargetAttributes = {
					68236ED3DBB1AC9D44F8B5FE = {
						ProvisioningStyle = Automatic;
					};
				};
			};
			buildConfigurationList = 0552738FB4EB4354C19AA69E /* Build configuration list for PBXProject "LocalRedaction" */;
			developmentRegion = es;
			hasScannedForEncodings = 0;
			knownRegions = (
				Base,
				es,
			);
			mainGroup = 107935D865F5596AFEA09A95;
			minimizedProjectReferenceProxies = 1;
			preferredProjectObjectVersion = 77;
			productRefGroup = 557C5794FEF2725CB5B538E6 /* Products */;
			projectDirPath = "";
			projectRoot = "";
			targets = (
				68236ED3DBB1AC9D44F8B5FE /* LocalRedaction */,
			);
		};
/* End PBXProject section */

/* Begin PBXResourcesBuildPhase section */
		A4D6BE3AFDE09C13D413135E /* Resources */ = {
			isa = PBXResourcesBuildPhase;
			buildActionMask = 2147483647;
			files = (
				F409B49CC3A47F661D400FCA /* Assets.xcassets in Resources */,
			);
			runOnlyForDeploymentPostprocessing = 0;
		};
/* End PBXResourcesBuildPhase section */

/* Begin PBXSourcesBuildPhase section */
		167D7751960B00587FD6A6FB /* Sources */ = {
			isa = PBXSourcesBuildPhase;
			buildActionMask = 2147483647;
			files = (
				81B237C99BFDF57C41F63E5E /* AppState.swift in Sources */,
				A8BDF0F3228996410C456B1F /* AppViewModel.swift in Sources */,
				AD0D51CFCF53BB15CCB08950 /* CandidateRow.swift in Sources */,
				9DCD8B3157C38C642B3FE014 /* ClassificationService.swift in Sources */,
				F4FE8479EFAD5347635ADDA1 /* ContentView.swift in Sources */,
				16D8EEADE1756A88CDC0F13F /* DocumentDropDelegate.swift in Sources */,
				208E23E8A86B779982C5E71B /* DocumentTextExtractor.swift in Sources */,
				E271280CBC1F7964C2BBA551 /* ExtractedMatch.swift in Sources */,
				876633E577987E6581CEFE99 /* LocalRedactionApp.swift in Sources */,
				8DC542C8DB515305999739CC /* NLPExtractionService.swift in Sources */,
				4730CB2F7FF2BCC4C1AB3B4E /* PIIExtractionService.swift in Sources */,
				22950839FE890CDE3A80167C /* PIIType.swift in Sources */,
				62663F6988265B4D443F05AC /* ProcessingView.swift in Sources */,
				03C661125DCED32A1D2E4266 /* RedactedPreviewTextView.swift in Sources */,
				7CAAB548C330C4C73C16B272 /* RedactionCandidate.swift in Sources */,
				5F7912A4007E48AB8494EBDA /* RedactionEngine.swift in Sources */,
				D1EE77D28800BC6E641013D6 /* RegexExtractionService.swift in Sources */,
				ED03E307FF3C15C558683709 /* ResultView.swift in Sources */,
				53B4DD7145BC300973FF601D /* ReviewView.swift in Sources */,
				A61F23528FA9C60D8AB15EDF /* TextSpanLocator.swift in Sources */,
				5032748376B6DCAB544A010D /* TypeBadge.swift in Sources */,
				BD443018267466D12E9E1E27 /* TypePicker.swift in Sources */,
				BE60F399F0F4B365013301B5 /* UploadView.swift in Sources */,
			);
			runOnlyForDeploymentPostprocessing = 0;
		};
/* End PBXSourcesBuildPhase section */

/* Begin XCBuildConfiguration section */
		23E0FCBD54B25599AC3FB553 /* Release */ = {
			isa = XCBuildConfiguration;
			buildSettings = {
				ALWAYS_SEARCH_USER_PATHS = NO;
				CLANG_ANALYZER_NONNULL = YES;
				CLANG_ANALYZER_NUMBER_OBJECT_CONVERSION = YES_AGGRESSIVE;
				CLANG_CXX_LANGUAGE_STANDARD = "gnu++14";
				CLANG_CXX_LIBRARY = "libc++";
				CLANG_ENABLE_MODULES = YES;
				CLANG_ENABLE_OBJC_ARC = YES;
				CLANG_ENABLE_OBJC_WEAK = YES;
				CLANG_WARN_BLOCK_CAPTURE_AUTORELEASING = YES;
				CLANG_WARN_BOOL_CONVERSION = YES;
				CLANG_WARN_COMMA = YES;
				CLANG_WARN_CONSTANT_CONVERSION = YES;
				CLANG_WARN_DEPRECATED_OBJC_IMPLEMENTATIONS = YES;
				CLANG_WARN_DIRECT_OBJC_ISA_USAGE = YES_ERROR;
				CLANG_WARN_DOCUMENTATION_COMMENTS = YES;
				CLANG_WARN_EMPTY_BODY = YES;
				CLANG_WARN_ENUM_CONVERSION = YES;
				CLANG_WARN_INFINITE_RECURSION = YES;
				CLANG_WARN_INT_CONVERSION = YES;
				CLANG_WARN_NON_LITERAL_NULL_CONVERSION = YES;
				CLANG_WARN_OBJC_IMPLICIT_RETAIN_SELF = YES;
				CLANG_WARN_OBJC_LITERAL_CONVERSION = YES;
				CLANG_WARN_OBJC_ROOT_CLASS = YES_ERROR;
				CLANG_WARN_QUOTED_INCLUDE_IN_FRAMEWORK_HEADER = YES;
				CLANG_WARN_RANGE_LOOP_ANALYSIS = YES;
				CLANG_WARN_STRICT_PROTOTYPES = YES;
				CLANG_WARN_SUSPICIOUS_MOVE = YES;
				CLANG_WARN_UNGUARDED_AVAILABILITY = YES_AGGRESSIVE;
				CLANG_WARN_UNREACHABLE_CODE = YES;
				CLANG_WARN__DUPLICATE_METHOD_MATCH = YES;
				COPY_PHASE_STRIP = NO;
				DEBUG_INFORMATION_FORMAT = "dwarf-with-dsym";
				ENABLE_NS_ASSERTIONS = NO;
				ENABLE_STRICT_OBJC_MSGSEND = YES;
				GCC_C_LANGUAGE_STANDARD = gnu11;
				GCC_NO_COMMON_BLOCKS = YES;
				GCC_WARN_64_TO_32_BIT_CONVERSION = YES;
				GCC_WARN_ABOUT_RETURN_TYPE = YES_ERROR;
				GCC_WARN_UNDECLARED_SELECTOR = YES;
				GCC_WARN_UNINITIALIZED_AUTOS = YES_AGGRESSIVE;
				GCC_WARN_UNUSED_FUNCTION = YES;
				GCC_WARN_UNUSED_VARIABLE = YES;
				MACOSX_DEPLOYMENT_TARGET = 14.0;
				MTL_ENABLE_DEBUG_INFO = NO;
				MTL_FAST_MATH = YES;
				PRODUCT_NAME = "$(TARGET_NAME)";
				SDKROOT = macosx;
				SWIFT_COMPILATION_MODE = wholemodule;
				SWIFT_OPTIMIZATION_LEVEL = "-O";
				SWIFT_STRICT_CONCURRENCY = targeted;
				SWIFT_VERSION = 5.9;
			};
			name = Release;
		};
		3DCF1D53EC69ADBE2993EA4C /* Release */ = {
			isa = XCBuildConfiguration;
			buildSettings = {
				ASSETCATALOG_COMPILER_APPICON_NAME = AppIcon;
				CODE_SIGN_ENTITLEMENTS = LocalRedaction/Resources/LocalRedaction.entitlements;
				CODE_SIGN_IDENTITY = "-";
				CODE_SIGN_STYLE = Automatic;
				COMBINE_HIDPI_IMAGES = YES;
				CURRENT_PROJECT_VERSION = 1;
				ENABLE_HARDENED_RUNTIME = YES;
				ENABLE_PREVIEWS = YES;
				GENERATE_INFOPLIST_FILE = YES;
				INFOPLIST_KEY_CFBundleDevelopmentRegion = es;
				INFOPLIST_KEY_CFBundleDisplayName = "Redacción Local";
				INFOPLIST_KEY_CFBundleName = "Redacción Local";
				INFOPLIST_KEY_LSApplicationCategoryType = "public.app-category.productivity";
				INFOPLIST_KEY_LSMinimumSystemVersion = 14.0;
				INFOPLIST_KEY_NSHumanReadableCopyright = "Copyright © 2026 Tapachtli. Todos los derechos reservados.";
				INFOPLIST_KEY_NSPrincipalClass = NSApplication;
				LD_RUNPATH_SEARCH_PATHS = "$(inherited) @executable_path/../Frameworks";
				MARKETING_VERSION = 1.0.0;
				PRODUCT_BUNDLE_IDENTIFIER = com.tapachtli.LocalRedaction;
				PRODUCT_NAME = LocalRedaction;
				SDKROOT = macosx;
				SWIFT_EMIT_LOC_STRINGS = YES;
			};
			name = Release;
		};
		735FBD5B8970C7F73FA07132 /* Debug */ = {
			isa = XCBuildConfiguration;
			buildSettings = {
				ASSETCATALOG_COMPILER_APPICON_NAME = AppIcon;
				CODE_SIGN_ENTITLEMENTS = LocalRedaction/Resources/LocalRedaction.entitlements;
				CODE_SIGN_IDENTITY = "-";
				CODE_SIGN_STYLE = Automatic;
				COMBINE_HIDPI_IMAGES = YES;
				CURRENT_PROJECT_VERSION = 1;
				ENABLE_HARDENED_RUNTIME = YES;
				ENABLE_PREVIEWS = YES;
				GENERATE_INFOPLIST_FILE = YES;
				INFOPLIST_KEY_CFBundleDevelopmentRegion = es;
				INFOPLIST_KEY_CFBundleDisplayName = "Redacción Local";
				INFOPLIST_KEY_CFBundleName = "Redacción Local";
				INFOPLIST_KEY_LSApplicationCategoryType = "public.app-category.productivity";
				INFOPLIST_KEY_LSMinimumSystemVersion = 14.0;
				INFOPLIST_KEY_NSHumanReadableCopyright = "Copyright © 2026 Tapachtli. Todos los derechos reservados.";
				INFOPLIST_KEY_NSPrincipalClass = NSApplication;
				LD_RUNPATH_SEARCH_PATHS = "$(inherited) @executable_path/../Frameworks";
				MARKETING_VERSION = 1.0.0;
				PRODUCT_BUNDLE_IDENTIFIER = com.tapachtli.LocalRedaction;
				PRODUCT_NAME = LocalRedaction;
				SDKROOT = macosx;
				SWIFT_EMIT_LOC_STRINGS = YES;
			};
			name = Debug;
		};
		C3283C50CE7E3BAC0832E46D /* Debug */ = {
			isa = XCBuildConfiguration;
			buildSettings = {
				ALWAYS_SEARCH_USER_PATHS = NO;
				CLANG_ANALYZER_NONNULL = YES;
				CLANG_ANALYZER_NUMBER_OBJECT_CONVERSION = YES_AGGRESSIVE;
				CLANG_CXX_LANGUAGE_STANDARD = "gnu++14";
				CLANG_CXX_LIBRARY = "libc++";
				CLANG_ENABLE_MODULES = YES;
				CLANG_ENABLE_OBJC_ARC = YES;
				CLANG_ENABLE_OBJC_WEAK = YES;
				CLANG_WARN_BLOCK_CAPTURE_AUTORELEASING = YES;
				CLANG_WARN_BOOL_CONVERSION = YES;
				CLANG_WARN_COMMA = YES;
				CLANG_WARN_CONSTANT_CONVERSION = YES;
				CLANG_WARN_DEPRECATED_OBJC_IMPLEMENTATIONS = YES;
				CLANG_WARN_DIRECT_OBJC_ISA_USAGE = YES_ERROR;
				CLANG_WARN_DOCUMENTATION_COMMENTS = YES;
				CLANG_WARN_EMPTY_BODY = YES;
				CLANG_WARN_ENUM_CONVERSION = YES;
				CLANG_WARN_INFINITE_RECURSION = YES;
				CLANG_WARN_INT_CONVERSION = YES;
				CLANG_WARN_NON_LITERAL_NULL_CONVERSION = YES;
				CLANG_WARN_OBJC_IMPLICIT_RETAIN_SELF = YES;
				CLANG_WARN_OBJC_LITERAL_CONVERSION = YES;
				CLANG_WARN_OBJC_ROOT_CLASS = YES_ERROR;
				CLANG_WARN_QUOTED_INCLUDE_IN_FRAMEWORK_HEADER = YES;
				CLANG_WARN_RANGE_LOOP_ANALYSIS = YES;
				CLANG_WARN_STRICT_PROTOTYPES = YES;
				CLANG_WARN_SUSPICIOUS_MOVE = YES;
				CLANG_WARN_UNGUARDED_AVAILABILITY = YES_AGGRESSIVE;
				CLANG_WARN_UNREACHABLE_CODE = YES;
				CLANG_WARN__DUPLICATE_METHOD_MATCH = YES;
				COPY_PHASE_STRIP = NO;
				DEBUG_INFORMATION_FORMAT = dwarf;
				ENABLE_STRICT_OBJC_MSGSEND = YES;
				ENABLE_TESTABILITY = YES;
				GCC_C_LANGUAGE_STANDARD = gnu11;
				GCC_DYNAMIC_NO_PIC = NO;
				GCC_NO_COMMON_BLOCKS = YES;
				GCC_OPTIMIZATION_LEVEL = 0;
				GCC_PREPROCESSOR_DEFINITIONS = (
					"$(inherited)",
					"DEBUG=1",
				);
				GCC_WARN_64_TO_32_BIT_CONVERSION = YES;
				GCC_WARN_ABOUT_RETURN_TYPE = YES_ERROR;
				GCC_WARN_UNDECLARED_SELECTOR = YES;
				GCC_WARN_UNINITIALIZED_AUTOS = YES_AGGRESSIVE;
				GCC_WARN_UNUSED_FUNCTION = YES;
				GCC_WARN_UNUSED_VARIABLE = YES;
				MACOSX_DEPLOYMENT_TARGET = 14.0;
				MTL_ENABLE_DEBUG_INFO = INCLUDE_SOURCE;
				MTL_FAST_MATH = YES;
				ONLY_ACTIVE_ARCH = YES;
				PRODUCT_NAME = "$(TARGET_NAME)";
				SDKROOT = macosx;
				SWIFT_ACTIVE_COMPILATION_CONDITIONS = DEBUG;
				SWIFT_OPTIMIZATION_LEVEL = "-Onone";
				SWIFT_STRICT_CONCURRENCY = targeted;
				SWIFT_VERSION = 5.9;
			};
			name = Debug;
		};
/* End XCBuildConfiguration section */

/* Begin XCConfigurationList section */
		0552738FB4EB4354C19AA69E /* Build configuration list for PBXProject "LocalRedaction" */ = {
			isa = XCConfigurationList;
			buildConfigurations = (
				C3283C50CE7E3BAC0832E46D /* Debug */,
				23E0FCBD54B25599AC3FB553 /* Release */,
			);
			defaultConfigurationIsVisible = 0;
			defaultConfigurationName = Debug;
		};
		463FF474D06E9800A87BA96E /* Build configuration list for PBXNativeTarget "LocalRedaction" */ = {
			isa = XCConfigurationList;
			buildConfigurations = (
				735FBD5B8970C7F73FA07132 /* Debug */,
				3DCF1D53EC69ADBE2993EA4C /* Release */,
			);
			defaultConfigurationIsVisible = 0;
			defaultConfigurationName = Debug;
		};
/* End XCConfigurationList section */
	};
	rootObject = 5586F2E9AFBE7AA08BE77C6F /* Project object */;
}
